{
    "_readme": [
        "This file locks the dependencies of your project to a known state",
        "Read more about it at https://getcomposer.org/doc/01-basic-usage.md#installing-dependencies",
        "This file is @generated automatically"
    ],
    "content-hash": "d8ddd2f0e6dac3d12257e5c2ec734c35",
    "packages": [
        {
            "name": "psr/container",
            "version": "1.0.0",
            "source": {
                "type": "git",
                "url": "https://github.com/php-fig/container.git",
                "reference": "b7ce3b176482dbbc1245ebf52b181af44c2cf55f"
            },
            "dist": {
                "type": "zip",
                "url": "https://api.github.com/repos/php-fig/container/zipball/b7ce3b176482dbbc1245ebf52b181af44c2cf55f",
                "reference": "b7ce3b176482dbbc1245ebf52b181af44c2cf55f",
                "shasum": ""
            },
            "require": {
                "php": ">=5.3.0"
            },
            "type": "library",
            "extra": {
                "branch-alias": {
                    "dev-master": "1.0.x-dev"
                }
            },
            "autoload": {
                "psr-4": {
                    "Psr\\Container\\": "src/"
                }
            },
            "notification-url": "https://packagist.org/downloads/",
            "license": [
                "MIT"
            ],
            "authors": [
                {
                    "name": "PHP-FIG",
                    "homepage": "http://www.php-fig.org/"
                }
            ],
            "description": "Common Container Interface (PHP FIG PSR-11)",
            "homepage": "https://github.com/php-fig/container",
            "keywords": [
                "PSR-11",
                "container",
                "container-interface",
                "container-interop",
                "psr"
            ],
            "support": {
                "issues": "https://github.com/php-fig/container/issues",
                "source": "https://github.com/php-fig/container/tree/master"
            },
            "time": "2017-02-14T16:28:37+00:00"
        },
        {
            "name": "rosasurfer/ministruts",
            "version": "0.9.4",
            "source": {
                "type": "git",
                "url": "https://github.com/rosasurfer/ministruts.git",
                "reference": "42b66e04d8b40b0dc4e4b0ae874e2637e57106a5"
            },
            "dist": {
                "type": "zip",
                "url": "https://api.github.com/repos/rosasurfer/ministruts/zipball/42b66e04d8b40b0dc4e4b0ae874e2637e57106a5",
                "reference": "42b66e04d8b40b0dc4e4b0ae874e2637e57106a5",
                "shasum": ""
            },
            "require": {
                "ext-ctype": "*",
                "ext-filter": "*",
                "ext-json": "*",
                "ext-libxml": "*",
                "ext-mbstring": "*",
                "ext-simplexml": "*",
                "php": "5.6 - 7.1",
                "psr/container": "^1.0"
            },
            "type": "library",
            "extra": {
                "branch-alias": {
                    "dev-0.9": "0.9.x-dev"
                }
            },
            "autoload": {
                "psr-4": {
                    "rosasurfer\\": "src"
                },
                "files": [
                    "src/load.php"
                ]
            },
            "license": [
                "WTFPL"
            ],
            "authors": [
                {
                    "name": "Peter Walther",
                    "email": "ministruts@rosasurfer.com"
                }
            ],
            "description": "MVC micro framework inspired by Java Struts",
            "support": {
                "source": "https://github.com/rosasurfer/ministruts/tree/0.9.4",
                "issues": "https://github.com/rosasurfer/ministruts/issues"
            },
            "time": "2024-07-31T05:36:20+00:00"
        }
    ],
    "packages-dev": [],
    "aliases": [],
    "minimum-stability": "stable",
    "stability-flags": {},
    "prefer-stable": false,
    "prefer-lowest": false,
    "platform": {
        "php": ">=5.6"
    },
    "platform-dev": {},
    "platform-overrides": {
        "php": "5.6"
    },
    "plugin-api-version": "2.6.0"
}
